
Microsoft Visual Studio Solution File, Format Version 12.00
# Visual Studio 15
VisualStudioVersion = 15.0.27428.2037
MinimumVisualStudioVersion = 10.0.40219.1
Project("{FAE04EC0-301F-11D3-BF4B-00C04F79EFBC}") = "Week3_Exercise5", "Week3_Exercise5\Week3_Exercise5.csproj", "{B7A57FA1-AB27-458E-AEDA-99D277104D9C}"
EndProject
Global
	GlobalSection(SolutionConfigurationPlatforms) = preSolution
		Debug|Any CPU = Debug|Any CPU
		Release|Any CPU = Release|Any CPU
	EndGlobalSection
	GlobalSection(ProjectConfigurationPlatforms) = postSolution
		{B7A57FA1-AB27-458E-AEDA-99D277104D9C}.Debug|Any CPU.ActiveCfg = Debug|Any CPU
		{B7A57FA1-AB27-458E-AEDA-99D277104D9C}.Debug|Any CPU.Build.0 = Debug|Any CPU
		{B7A57FA1-AB27-458E-AEDA-99D277104D9C}.Release|Any CPU.ActiveCfg = Release|Any CPU
		{B7A57FA1-AB27-458E-AEDA-99D277104D9C}.Release|Any CPU.Build.0 = Release|Any CPU
	EndGlobalSection
	GlobalSection(SolutionProperties) = preSolution
		HideSolutionNode = FALSE
	EndGlobalSection
	GlobalSection(ExtensibilityGlobals) = postSolution
		SolutionGuid = {C707A7DF-25A9-419F-9D19-F1DE1EE528CD}
	EndGlobalSection
EndGlobal
